{
  "name": "@definejs/date",
  "version": "0.1.0",
  "lockfileVersion": 1,
  "requires": true,
  "dependencies": {
    "@definejs/string": {
      "version": "0.1.0",
      "resolved": "https://registry.npmjs.org/@definejs/string/-/string-0.1.0.tgz",
      "integrity": "sha512-dLjoajugqUR3fUWPckcNdAuQtOzp/galDV63CRNKZzJyGYwUWvJC+nzO6kQbNon1JuXY/TIynSOKprgjn504/Q=="
    }
  }
}
